
Microsoft Visual Studio Solution File, Format Version 12.00
# Visual Studio Version 16
VisualStudioVersion = 16.0.30114.105
MinimumVisualStudioVersion = 10.0.40219.1
Project("{FAE04EC0-301F-11D3-BF4B-00C04F79EFBC}") = "DealDouble", "DealDouble\DealDouble.csproj", "{B9C130BF-ACDD-4934-BA5F-EE118FBBCB2F}"
EndProject
Global
	GlobalSection(SolutionConfigurationPlatforms) = preSolution
		Debug|Any CPU = Debug|Any CPU
		Release|Any CPU = Release|Any CPU
	EndGlobalSection
	GlobalSection(ProjectConfigurationPlatforms) = postSolution
		{B9C130BF-ACDD-4934-BA5F-EE118FBBCB2F}.Debug|Any CPU.ActiveCfg = Debug|Any CPU
		{B9C130BF-ACDD-4934-BA5F-EE118FBBCB2F}.Debug|Any CPU.Build.0 = Debug|Any CPU
		{B9C130BF-ACDD-4934-BA5F-EE118FBBCB2F}.Release|Any CPU.ActiveCfg = Release|Any CPU
		{B9C130BF-ACDD-4934-BA5F-EE118FBBCB2F}.Release|Any CPU.Build.0 = Release|Any CPU
	EndGlobalSection
	GlobalSection(SolutionProperties) = preSolution
		HideSolutionNode = FALSE
	EndGlobalSection
	GlobalSection(ExtensibilityGlobals) = postSolution
		SolutionGuid = {B420AA06-1F2C-4DF5-B109-80507BC9CB67}
	EndGlobalSection
EndGlobal
